<?xml version="1.0" encoding="utf-8"?>
<Project ToolsVersion="4.0" xmlns="http://schemas.microsoft.com/developer/msbuild/2003">
  <ItemGroup>
    <Filter Include="compiler">
      <UniqueIdentifier>{93995380-89BD-4b04-88EB-625FBE52EBFB}</UniqueIdentifier>
    </Filter>
    <Filter Include="shared">
      <UniqueIdentifier>{93848a9c-d06d-44bd-ab56-7d7f07640124}</UniqueIdentifier>
    </Filter>
    <Filter Include="parser">
      <UniqueIdentifier>{4FC737F1-C7A5-4376-A066-2A32D752A2FF}</UniqueIdentifier>
    </Filter>
    <Filter Include="genllvm">
      <UniqueIdentifier>{9e7fbbb6-ce2d-4223-94a7-001c87ee818f}</UniqueIdentifier>
    </Filter>
    <Filter Include="corelib">
      <UniqueIdentifier>{deb9f96a-3983-4f8f-b336-6a6818aee972}</UniqueIdentifier>
    </Filter>
    <Filter Include="ir">
      <UniqueIdentifier>{96b5cf37-f6a0-4d07-b2fc-5ddb3ed367b3}</UniqueIdentifier>
    </Filter>
    <Filter Include="ir exp">
      <UniqueIdentifier>{bf817b0d-ea6e-4a1f-8e0c-9d80eef1376f}</UniqueIdentifier>
    </Filter>
    <Filter Include="ir types">
      <UniqueIdentifier>{518d20b2-af11-4b5d-b4e3-136acc62a3ad}</UniqueIdentifier>
    </Filter>
    <Filter Include="ir stmt">
      <UniqueIdentifier>{b673eb8e-b13c-42c1-bacd-726f39bc9e54}</UniqueIdentifier>
    </Filter>
    <Filter Include="ir meta">
      <UniqueIdentifier>{1fc9bee1-7947-4cd8-b0f4-a28fb1640782}</UniqueIdentifier>
    </Filter>
  </ItemGroup>
  <ItemGroup>
    <ClCompile Include="compiler\c\conec.c">
      <Filter>compiler</Filter>
    </ClCompile>
    <ClCompile Include="compiler\c\coneopts.c">
      <Filter>compiler</Filter>
    </ClCompile>
    <ClCompile Include="compiler\c\shared\error.c">
      <Filter>shared</Filter>
    </ClCompile>
    <ClCompile Include="compiler\c\shared\fileio.c">
      <Filter>shared</Filter>
    </ClCompile>
    <ClCompile Include="compiler\c\shared\memory.c">
      <Filter>shared</Filter>
    </ClCompile>
    <ClCompile Include="compiler\c\shared\options.c">
      <Filter>shared</Filter>
    </ClCompile>
    <ClCompile Include="compiler\c\shared\timer.c">
      <Filter>shared</Filter>
    </ClCompile>
    <ClCompile Include="compiler\c\shared\utf8.c">
      <Filter>shared</Filter>
    </ClCompile>
    <ClCompile Include="compiler\c\ir\checktree.c">
      <Filter>ir</Filter>
    </ClCompile>
    <ClCompile Include="compiler\c\ir\clone.c">
      <Filter>ir</Filter>
    </ClCompile>
    <ClCompile Include="compiler\c\ir\dclinfo.c">
      <Filter>ir</Filter>
    </ClCompile>
    <ClCompile Include="compiler\c\ir\dclspan.c">
      <Filter>ir</Filter>
    </ClCompile>
    <ClCompile Include="compiler\c\ir\export.c">
      <Filter>ir</Filter>
    </ClCompile>
    <ClCompile Include="compiler\c\ir\incfile.c">
      <Filter>ir</Filter>
    </ClCompile>
    <ClCompile Include="compiler\c\ir\flow.c">
      <Filter>ir</Filter>
    </ClCompile>
    <ClCompile Include="compiler\c\ir\flowloan.c">
      <Filter>ir</Filter>
    </ClCompile>
    <ClCompile Include="compiler\c\ir\flowpath.c">
      <Filter>ir</Filter>
    </ClCompile>
    <ClCompile Include="compiler\c\ir\iexp.c">
      <Filter>ir</Filter>
    </ClCompile>
    <ClCompile Include="compiler\c\ir\inode.c">
      <Filter>ir</Filter>
    </ClCompile>
    <ClCompile Include="compiler\c\ir\instype.c">
      <Filter>ir</Filter>
    </ClCompile>
    <ClCompile Include="compiler\c\ir\itype.c">
      <Filter>ir</Filter>
    </ClCompile>
    <ClCompile Include="compiler\c\ir\name.c">
      <Filter>ir</Filter>
    </ClCompile>
    <ClCompile Include="compiler\c\ir\namespace.c">
      <Filter>ir</Filter>
    </ClCompile>
    <ClCompile Include="compiler\c\ir\nametbl.c">
      <Filter>ir</Filter>
    </ClCompile>
    <ClCompile Include="compiler\c\ir\nodelist.c">
      <Filter>ir</Filter>
    </ClCompile>
    <ClCompile Include="compiler\c\ir\nodes.c">
      <Filter>ir</Filter>
    </ClCompile>
    <ClCompile Include="compiler\c\ir\typetbl.c">
      <Filter>ir</Filter>
    </ClCompile>
    <ClCompile Include="compiler\c\ir\stmt\aliasdcl.c">
      <Filter>ir stmt</Filter>
    </ClCompile>
    <ClCompile Include="compiler\c\ir\stmt\break.c">
      <Filter>ir stmt</Filter>
    </ClCompile>
    <ClCompile Include="compiler\c\ir\stmt\const.c">
      <Filter>ir stmt</Filter>
    </ClCompile>
    <ClCompile Include="compiler\c\ir\stmt\continue.c">
      <Filter>ir stmt</Filter>
    </ClCompile>
    <ClCompile Include="compiler\c\ir\stmt\fielddcl.c">
      <Filter>ir stmt</Filter>
    </ClCompile>
    <ClCompile Include="compiler\c\ir\stmt\fndcl.c">
      <Filter>ir stmt</Filter>
    </ClCompile>
    <ClCompile Include="compiler\c\ir\stmt\fold.c">
      <Filter>ir stmt</Filter>
    </ClCompile>
    <ClCompile Include="compiler\c\ir\stmt\import.c">
      <Filter>ir stmt</Filter>
    </ClCompile>
    <ClCompile Include="compiler\c\ir\stmt\intrinsic.c">
      <Filter>ir stmt</Filter>
    </ClCompile>
    <ClCompile Include="compiler\c\ir\stmt\module.c">
      <Filter>ir stmt</Filter>
    </ClCompile>
    <ClCompile Include="compiler\c\ir\stmt\modtrait.c">
      <Filter>ir stmt</Filter>
    </ClCompile>
    <ClCompile Include="compiler\c\ir\stmt\program.c">
      <Filter>ir stmt</Filter>
    </ClCompile>
    <ClCompile Include="compiler\c\ir\stmt\return.c">
      <Filter>ir stmt</Filter>
    </ClCompile>
    <ClCompile Include="compiler\c\ir\stmt\swap.c">
      <Filter>ir stmt</Filter>
    </ClCompile>
    <ClCompile Include="compiler\c\ir\stmt\vardcl.c">
      <Filter>ir stmt</Filter>
    </ClCompile>
    <ClCompile Include="compiler\c\ir\exp\allocate.c">
      <Filter>ir exp</Filter>
    </ClCompile>
    <ClCompile Include="compiler\c\ir\exp\arraylit.c">
      <Filter>ir exp</Filter>
    </ClCompile>
    <ClCompile Include="compiler\c\ir\exp\assign.c">
      <Filter>ir exp</Filter>
    </ClCompile>
    <ClCompile Include="compiler\c\ir\exp\block.c">
      <Filter>ir exp</Filter>
    </ClCompile>
    <ClCompile Include="compiler\c\ir\exp\borrow.c">
      <Filter>ir exp</Filter>
    </ClCompile>
    <ClCompile Include="compiler\c\ir\exp\cast.c">
      <Filter>ir exp</Filter>
    </ClCompile>
    <ClCompile Include="compiler\c\ir\exp\deref.c">
      <Filter>ir exp</Filter>
    </ClCompile>
    <ClCompile Include="compiler\c\ir\exp\fncall.c">
      <Filter>ir exp</Filter>
    </ClCompile>
    <ClCompile Include="compiler\c\ir\exp\if.c">
      <Filter>ir exp</Filter>
    </ClCompile>
    <ClCompile Include="compiler\c\ir\exp\literal.c">
      <Filter>ir exp</Filter>
    </ClCompile>
    <ClCompile Include="compiler\c\ir\exp\logic.c">
      <Filter>ir exp</Filter>
    </ClCompile>
    <ClCompile Include="compiler\c\ir\exp\namedval.c">
      <Filter>ir exp</Filter>
    </ClCompile>
    <ClCompile Include="compiler\c\ir\exp\nameuse.c">
      <Filter>ir exp</Filter>
    </ClCompile>
    <ClCompile Include="compiler\c\ir\exp\sizeof.c">
      <Filter>ir exp</Filter>
    </ClCompile>
    <ClCompile Include="compiler\c\ir\exp\typelit.c">
      <Filter>ir exp</Filter>
    </ClCompile>
    <ClCompile Include="compiler\c\ir\exp\vtuple.c">
      <Filter>ir exp</Filter>
    </ClCompile>
    <ClCompile Include="compiler\c\ir\types\array.c">
      <Filter>ir types</Filter>
    </ClCompile>
    <ClCompile Include="compiler\c\ir\types\arrayref.c">
      <Filter>ir types</Filter>
    </ClCompile>
    <ClCompile Include="compiler\c\ir\types\enum.c">
      <Filter>ir types</Filter>
    </ClCompile>
    <ClCompile Include="compiler\c\ir\types\fnsig.c">
      <Filter>ir types</Filter>
    </ClCompile>
    <ClCompile Include="compiler\c\ir\types\lifetime.c">
      <Filter>ir types</Filter>
    </ClCompile>
    <ClCompile Include="compiler\c\ir\types\number.c">
      <Filter>ir types</Filter>
    </ClCompile>
    <ClCompile Include="compiler\c\ir\types\permission.c">
      <Filter>ir types</Filter>
    </ClCompile>
    <ClCompile Include="compiler\c\ir\types\pointer.c">
      <Filter>ir types</Filter>
    </ClCompile>
    <ClCompile Include="compiler\c\ir\types\reference.c">
      <Filter>ir types</Filter>
    </ClCompile>
    <ClCompile Include="compiler\c\ir\types\region.c">
      <Filter>ir types</Filter>
    </ClCompile>
    <ClCompile Include="compiler\c\ir\types\struct.c">
      <Filter>ir types</Filter>
    </ClCompile>
    <ClCompile Include="compiler\c\ir\types\ttuple.c">
      <Filter>ir types</Filter>
    </ClCompile>
    <ClCompile Include="compiler\c\ir\types\void.c">
      <Filter>ir types</Filter>
    </ClCompile>
    <ClCompile Include="compiler\c\ir\meta\macro.c">
      <Filter>ir meta</Filter>
    </ClCompile>
    <ClCompile Include="compiler\c\ir\meta\genvardcl.c">
      <Filter>ir meta</Filter>
    </ClCompile>
    <ClCompile Include="compiler\c\ir\meta\generic.c">
      <Filter>ir meta</Filter>
    </ClCompile>
    <ClCompile Include="compiler\c\corelib\corelib.c">
      <Filter>corelib</Filter>
    </ClCompile>
    <ClCompile Include="compiler\c\corelib\corenumber.c">
      <Filter>corelib</Filter>
    </ClCompile>
    <ClCompile Include="compiler\c\parser\lexer.c">
      <Filter>parser</Filter>
    </ClCompile>
    <ClCompile Include="compiler\c\parser\parsemod.c">
      <Filter>parser</Filter>
    </ClCompile>
    <ClCompile Include="compiler\c\parser\parsebuild.c">
      <Filter>parser</Filter>
    </ClCompile>
    <ClCompile Include="compiler\c\parser\parsefnflow.c">
      <Filter>parser</Filter>
    </ClCompile>
    <ClCompile Include="compiler\c\parser\parseexpr.c">
      <Filter>parser</Filter>
    </ClCompile>
    <ClCompile Include="compiler\c\parser\parsetype.c">
      <Filter>parser</Filter>
    </ClCompile>
    <ClCompile Include="compiler\c\parser\parsehelper.c">
      <Filter>parser</Filter>
    </ClCompile>
    <ClCompile Include="compiler\c\genllvm\genllvm.c">
      <Filter>genllvm</Filter>
    </ClCompile>
    <ClCompile Include="compiler\c\genllvm\genlstmt.c">
      <Filter>genllvm</Filter>
    </ClCompile>
    <ClCompile Include="compiler\c\genllvm\genlexpr.c">
      <Filter>genllvm</Filter>
    </ClCompile>
    <ClCompile Include="compiler\c\genllvm\genlalloc.c">
      <Filter>genllvm</Filter>
    </ClCompile>
    <ClCompile Include="compiler\c\genllvm\genltype.c">
      <Filter>genllvm</Filter>
    </ClCompile>
  </ItemGroup>
  <ItemGroup>
    <ClInclude Include="compiler\c\conec.h">
      <Filter>compiler</Filter>
    </ClInclude>
    <ClInclude Include="compiler\c\coneopts.h">
      <Filter>compiler</Filter>
    </ClInclude>
    <ClInclude Include="compiler\c\corelib\corelib.h">
      <Filter>corelib</Filter>
    </ClInclude>
    <ClInclude Include="compiler\c\genllvm\genllvm.h">
      <Filter>genllvm</Filter>
    </ClInclude>
    <ClInclude Include="compiler\c\ir\clone.h">
      <Filter>ir</Filter>
    </ClInclude>
    <ClInclude Include="compiler\c\ir\dclinfo.h">
      <Filter>ir</Filter>
    </ClInclude>
    <ClInclude Include="compiler\c\ir\dclspan.h">
      <Filter>ir</Filter>
    </ClInclude>
    <ClInclude Include="compiler\c\ir\exp\allocate.h">
      <Filter>ir exp</Filter>
    </ClInclude>
    <ClInclude Include="compiler\c\ir\exp\arraylit.h">
      <Filter>ir exp</Filter>
    </ClInclude>
    <ClInclude Include="compiler\c\ir\exp\assign.h">
      <Filter>ir exp</Filter>
    </ClInclude>
    <ClInclude Include="compiler\c\ir\exp\block.h">
      <Filter>ir exp</Filter>
    </ClInclude>
    <ClInclude Include="compiler\c\ir\exp\borrow.h">
      <Filter>ir exp</Filter>
    </ClInclude>
    <ClInclude Include="compiler\c\ir\exp\cast.h">
      <Filter>ir exp</Filter>
    </ClInclude>
    <ClInclude Include="compiler\c\ir\exp\deref.h">
      <Filter>ir exp</Filter>
    </ClInclude>
    <ClInclude Include="compiler\c\ir\exp\fncall.h">
      <Filter>ir exp</Filter>
    </ClInclude>
    <ClInclude Include="compiler\c\ir\exp\if.h">
      <Filter>ir exp</Filter>
    </ClInclude>
    <ClInclude Include="compiler\c\ir\exp\literal.h">
      <Filter>ir exp</Filter>
    </ClInclude>
    <ClInclude Include="compiler\c\ir\exp\logic.h">
      <Filter>ir exp</Filter>
    </ClInclude>
    <ClInclude Include="compiler\c\ir\exp\namedval.h">
      <Filter>ir exp</Filter>
    </ClInclude>
    <ClInclude Include="compiler\c\ir\exp\nameuse.h">
      <Filter>ir exp</Filter>
    </ClInclude>
    <ClInclude Include="compiler\c\ir\exp\sizeof.h">
      <Filter>ir exp</Filter>
    </ClInclude>
    <ClInclude Include="compiler\c\ir\exp\typelit.h">
      <Filter>ir exp</Filter>
    </ClInclude>
    <ClInclude Include="compiler\c\ir\exp\vtuple.h">
      <Filter>ir exp</Filter>
    </ClInclude>
    <ClInclude Include="compiler\c\ir\export.h">
      <Filter>ir</Filter>
    </ClInclude>
    <ClInclude Include="compiler\c\ir\flow.h">
      <Filter>ir</Filter>
    </ClInclude>
    <ClInclude Include="compiler\c\ir\flowgate.h">
      <Filter>ir</Filter>
    </ClInclude>
    <ClInclude Include="compiler\c\ir\flowloan.h">
      <Filter>ir</Filter>
    </ClInclude>
    <ClInclude Include="compiler\c\ir\flowpath.h">
      <Filter>ir</Filter>
    </ClInclude>
    <ClInclude Include="compiler\c\ir\iexp.h">
      <Filter>ir</Filter>
    </ClInclude>
    <ClInclude Include="compiler\c\ir\incfile.h">
      <Filter>ir</Filter>
    </ClInclude>
    <ClInclude Include="compiler\c\ir\inode.h">
      <Filter>ir</Filter>
    </ClInclude>
    <ClInclude Include="compiler\c\ir\instype.h">
      <Filter>ir</Filter>
    </ClInclude>
    <ClInclude Include="compiler\c\ir\ir.h">
      <Filter>ir</Filter>
    </ClInclude>
    <ClInclude Include="compiler\c\ir\itype.h">
      <Filter>ir</Filter>
    </ClInclude>
    <ClInclude Include="compiler\c\ir\meta\generic.h">
      <Filter>ir meta</Filter>
    </ClInclude>
    <ClInclude Include="compiler\c\ir\meta\genvardcl.h">
      <Filter>ir meta</Filter>
    </ClInclude>
    <ClInclude Include="compiler\c\ir\meta\macro.h">
      <Filter>ir meta</Filter>
    </ClInclude>
    <ClInclude Include="compiler\c\ir\name.h">
      <Filter>ir</Filter>
    </ClInclude>
    <ClInclude Include="compiler\c\ir\namespace.h">
      <Filter>ir</Filter>
    </ClInclude>
    <ClInclude Include="compiler\c\ir\nametbl.h">
      <Filter>ir</Filter>
    </ClInclude>
    <ClInclude Include="compiler\c\ir\nodelist.h">
      <Filter>ir</Filter>
    </ClInclude>
    <ClInclude Include="compiler\c\ir\nodes.h">
      <Filter>ir</Filter>
    </ClInclude>
    <ClInclude Include="compiler\c\ir\stmt\aliasdcl.h">
      <Filter>ir stmt</Filter>
    </ClInclude>
    <ClInclude Include="compiler\c\ir\stmt\break.h">
      <Filter>ir stmt</Filter>
    </ClInclude>
    <ClInclude Include="compiler\c\ir\stmt\const.h">
      <Filter>ir stmt</Filter>
    </ClInclude>
    <ClInclude Include="compiler\c\ir\stmt\continue.h">
      <Filter>ir stmt</Filter>
    </ClInclude>
    <ClInclude Include="compiler\c\ir\stmt\fielddcl.h">
      <Filter>ir stmt</Filter>
    </ClInclude>
    <ClInclude Include="compiler\c\ir\stmt\fndcl.h">
      <Filter>ir stmt</Filter>
    </ClInclude>
    <ClInclude Include="compiler\c\ir\stmt\fold.h">
      <Filter>ir stmt</Filter>
    </ClInclude>
    <ClInclude Include="compiler\c\ir\stmt\import.h">
      <Filter>ir stmt</Filter>
    </ClInclude>
    <ClInclude Include="compiler\c\ir\stmt\intrinsic.h">
      <Filter>ir stmt</Filter>
    </ClInclude>
    <ClInclude Include="compiler\c\ir\stmt\modtrait.h">
      <Filter>ir stmt</Filter>
    </ClInclude>
    <ClInclude Include="compiler\c\ir\stmt\module.h">
      <Filter>ir stmt</Filter>
    </ClInclude>
    <ClInclude Include="compiler\c\ir\stmt\program.h">
      <Filter>ir stmt</Filter>
    </ClInclude>
    <ClInclude Include="compiler\c\ir\stmt\return.h">
      <Filter>ir stmt</Filter>
    </ClInclude>
    <ClInclude Include="compiler\c\ir\stmt\swap.h">
      <Filter>ir stmt</Filter>
    </ClInclude>
    <ClInclude Include="compiler\c\ir\stmt\vardcl.h">
      <Filter>ir stmt</Filter>
    </ClInclude>
    <ClInclude Include="compiler\c\ir\types\array.h">
      <Filter>ir types</Filter>
    </ClInclude>
    <ClInclude Include="compiler\c\ir\types\arrayref.h">
      <Filter>ir types</Filter>
    </ClInclude>
    <ClInclude Include="compiler\c\ir\types\enum.h">
      <Filter>ir types</Filter>
    </ClInclude>
    <ClInclude Include="compiler\c\ir\types\fnsig.h">
      <Filter>ir types</Filter>
    </ClInclude>
    <ClInclude Include="compiler\c\ir\types\lifetime.h">
      <Filter>ir types</Filter>
    </ClInclude>
    <ClInclude Include="compiler\c\ir\types\number.h">
      <Filter>ir types</Filter>
    </ClInclude>
    <ClInclude Include="compiler\c\ir\types\permission.h">
      <Filter>ir types</Filter>
    </ClInclude>
    <ClInclude Include="compiler\c\ir\types\pointer.h">
      <Filter>ir types</Filter>
    </ClInclude>
    <ClInclude Include="compiler\c\ir\types\reference.h">
      <Filter>ir types</Filter>
    </ClInclude>
    <ClInclude Include="compiler\c\ir\types\region.h">
      <Filter>ir types</Filter>
    </ClInclude>
    <ClInclude Include="compiler\c\ir\types\struct.h">
      <Filter>ir types</Filter>
    </ClInclude>
    <ClInclude Include="compiler\c\ir\types\ttuple.h">
      <Filter>ir types</Filter>
    </ClInclude>
    <ClInclude Include="compiler\c\ir\types\void.h">
      <Filter>ir types</Filter>
    </ClInclude>
    <ClInclude Include="compiler\c\ir\typetbl.h">
      <Filter>ir</Filter>
    </ClInclude>
    <ClInclude Include="compiler\c\parser\lexer.h">
      <Filter>parser</Filter>
    </ClInclude>
    <ClInclude Include="compiler\c\parser\parser.h">
      <Filter>parser</Filter>
    </ClInclude>
    <ClInclude Include="compiler\c\shared\error.h">
      <Filter>shared</Filter>
    </ClInclude>
    <ClInclude Include="compiler\c\shared\fileio.h">
      <Filter>shared</Filter>
    </ClInclude>
    <ClInclude Include="compiler\c\shared\memory.h">
      <Filter>shared</Filter>
    </ClInclude>
    <ClInclude Include="compiler\c\shared\options.h">
      <Filter>shared</Filter>
    </ClInclude>
    <ClInclude Include="compiler\c\shared\timer.h">
      <Filter>shared</Filter>
    </ClInclude>
    <ClInclude Include="compiler\c\shared\utf8.h">
      <Filter>shared</Filter>
    </ClInclude>
  </ItemGroup>
</Project>
